// !$*UTF8*$!
{
	archiveVersion = 1;
	classes = {
	};
	objectVersion = 46;
	objects = {

/* Begin PBXBuildFile section */
		D3254B091E54C4820039D644 /* NibView.swift in Sources */ = {isa = PBXBuildFile; fileRef = D3FCA1EB1E4E54700003A30D /* NibView.swift */; };
		D396D4BD1E4F45B100C5E25E /* CardDetailsViewController.swift in Sources */ = {isa = PBXBuildFile; fileRef = D396D4BC1E4F45B100C5E25E /* CardDetailsViewController.swift */; };
		D396D4BF1E4F46A800C5E25E /* CardDetailsView.swift in Sources */ = {isa = PBXBuildFile; fileRef = D396D4BE1E4F46A800C5E25E /* CardDetailsView.swift */; };
		D396D4C11E4F472C00C5E25E /* CardDetailsView.xib in Resources */ = {isa = PBXBuildFile; fileRef = D396D4C01E4F472C00C5E25E /* CardDetailsView.xib */; };
		D39D11221E4F2F52008F7DF4 /* images.xcassets in Resources */ = {isa = PBXBuildFile; fileRef = D39D11211E4F2F52008F7DF4 /* images.xcassets */; };
		D3D711941E4E5A4500F33BE8 /* CardsListViewController.swift in Sources */ = {isa = PBXBuildFile; fileRef = D3D711931E4E5A4500F33BE8 /* CardsListViewController.swift */; };
		D3F882C21E4F86CE005C19FF /* NibLoader.swift in Sources */ = {isa = PBXBuildFile; fileRef = D3F882C11E4F86CE005C19FF /* NibLoader.swift */; };
		D3FCA1C81E4E53C60003A30D /* NibView.h in Headers */ = {isa = PBXBuildFile; fileRef = D3FCA1C61E4E53C60003A30D /* NibView.h */; settings = {ATTRIBUTES = (Public, ); }; };
		D3FCA1D51E4E544C0003A30D /* AppDelegate.swift in Sources */ = {isa = PBXBuildFile; fileRef = D3FCA1D41E4E544C0003A30D /* AppDelegate.swift */; };
		D3FCA1DA1E4E544C0003A30D /* Main.storyboard in Resources */ = {isa = PBXBuildFile; fileRef = D3FCA1D81E4E544C0003A30D /* Main.storyboard */; };
		D3FCA1DF1E4E544C0003A30D /* LaunchScreen.storyboard in Resources */ = {isa = PBXBuildFile; fileRef = D3FCA1DD1E4E544C0003A30D /* LaunchScreen.storyboard */; };
		D3FCA1E41E4E545A0003A30D /* NibView.framework in Frameworks */ = {isa = PBXBuildFile; fileRef = D3FCA1C31E4E53C60003A30D /* NibView.framework */; };
		D3FCA1E51E4E545A0003A30D /* NibView.framework in Embed Frameworks */ = {isa = PBXBuildFile; fileRef = D3FCA1C31E4E53C60003A30D /* NibView.framework */; settings = {ATTRIBUTES = (CodeSignOnCopy, RemoveHeadersOnCopy, ); }; };
		D3FCA1ED1E4E54700003A30D /* NibLoadable.swift in Sources */ = {isa = PBXBuildFile; fileRef = D3FCA1EA1E4E54700003A30D /* NibLoadable.swift */; };
		D3FCA1EF1E4E54700003A30D /* NibViewController.swift in Sources */ = {isa = PBXBuildFile; fileRef = D3FCA1EC1E4E54700003A30D /* NibViewController.swift */; };
		D3FCA1F31E4E568B0003A30D /* CardView.swift in Sources */ = {isa = PBXBuildFile; fileRef = D3FCA1F21E4E568B0003A30D /* CardView.swift */; };
		D3FCA1F51E4E56B00003A30D /* CardView.xib in Resources */ = {isa = PBXBuildFile; fileRef = D3FCA1F41E4E56B00003A30D /* CardView.xib */; };
/* End PBXBuildFile section */

/* Begin PBXContainerItemProxy section */
		D3FCA1E61E4E545A0003A30D /* PBXContainerItemProxy */ = {
			isa = PBXContainerItemProxy;
			containerPortal = D3FCA1BA1E4E53C60003A30D /* Project object */;
			proxyType = 1;
			remoteGlobalIDString = D3FCA1C21E4E53C60003A30D;
			remoteInfo = NibView;
		};
/* End PBXContainerItemProxy section */

/* Begin PBXCopyFilesBuildPhase section */
		D3FCA1E81E4E545A0003A30D /* Embed Frameworks */ = {
			isa = PBXCopyFilesBuildPhase;
			buildActionMask = 2147483647;
			dstPath = "";
			dstSubfolderSpec = 10;
			files = (
				D3FCA1E51E4E545A0003A30D /* NibView.framework in Embed Frameworks */,
			);
			name = "Embed Frameworks";
			runOnlyForDeploymentPostprocessing = 0;
		};
/* End PBXCopyFilesBuildPhase section */

/* Begin PBXFileReference section */
		D396D4BC1E4F45B100C5E25E /* CardDetailsViewController.swift */ = {isa = PBXFileReference; fileEncoding = 4; lastKnownFileType = sourcecode.swift; path = CardDetailsViewController.swift; sourceTree = "<group>"; };
		D396D4BE1E4F46A800C5E25E /* CardDetailsView.swift */ = {isa = PBXFileReference; fileEncoding = 4; lastKnownFileType = sourcecode.swift; path = CardDetailsView.swift; sourceTree = "<group>"; };
		D396D4C01E4F472C00C5E25E /* CardDetailsView.xib */ = {isa = PBXFileReference; fileEncoding = 4; lastKnownFileType = file.xib; path = CardDetailsView.xib; sourceTree = "<group>"; };
		D39D11211E4F2F52008F7DF4 /* images.xcassets */ = {isa = PBXFileReference; lastKnownFileType = folder.assetcatalog; path = images.xcassets; sourceTree = "<group>"; };
		D3D711931E4E5A4500F33BE8 /* CardsListViewController.swift */ = {isa = PBXFileReference; fileEncoding = 4; lastKnownFileType = sourcecode.swift; path = CardsListViewController.swift; sourceTree = "<group>"; };
		D3F882C11E4F86CE005C19FF /* NibLoader.swift */ = {isa = PBXFileReference; fileEncoding = 4; lastKnownFileType = sourcecode.swift; path = NibLoader.swift; sourceTree = "<group>"; };
		D3FCA1C31E4E53C60003A30D /* NibView.framework */ = {isa = PBXFileReference; explicitFileType = wrapper.framework; includeInIndex = 0; path = NibView.framework; sourceTree = BUILT_PRODUCTS_DIR; };
		D3FCA1C61E4E53C60003A30D /* NibView.h */ = {isa = PBXFileReference; lastKnownFileType = sourcecode.c.h; path = NibView.h; sourceTree = "<group>"; };
		D3FCA1C71E4E53C60003A30D /* Info.plist */ = {isa = PBXFileReference; lastKnownFileType = text.plist.xml; path = Info.plist; sourceTree = "<group>"; };
		D3FCA1D21E4E544C0003A30D /* NibViewExample.app */ = {isa = PBXFileReference; explicitFileType = wrapper.application; includeInIndex = 0; path = NibViewExample.app; sourceTree = BUILT_PRODUCTS_DIR; };
		D3FCA1D41E4E544C0003A30D /* AppDelegate.swift */ = {isa = PBXFileReference; lastKnownFileType = sourcecode.swift; path = AppDelegate.swift; sourceTree = "<group>"; };
		D3FCA1D91E4E544C0003A30D /* Base */ = {isa = PBXFileReference; lastKnownFileType = file.storyboard; name = Base; path = Base.lproj/Main.storyboard; sourceTree = "<group>"; };
		D3FCA1DE1E4E544C0003A30D /* Base */ = {isa = PBXFileReference; lastKnownFileType = file.storyboard; name = Base; path = Base.lproj/LaunchScreen.storyboard; sourceTree = "<group>"; };
		D3FCA1E01E4E544C0003A30D /* Info.plist */ = {isa = PBXFileReference; lastKnownFileType = text.plist.xml; path = Info.plist; sourceTree = "<group>"; };
		D3FCA1EA1E4E54700003A30D /* NibLoadable.swift */ = {isa = PBXFileReference; fileEncoding = 4; lastKnownFileType = sourcecode.swift; path = NibLoadable.swift; sourceTree = "<group>"; };
		D3FCA1EB1E4E54700003A30D /* NibView.swift */ = {isa = PBXFileReference; fileEncoding = 4; lastKnownFileType = sourcecode.swift; name = NibView.swift; path = ../NibView.swift; sourceTree = "<group>"; };
		D3FCA1EC1E4E54700003A30D /* NibViewController.swift */ = {isa = PBXFileReference; fileEncoding = 4; lastKnownFileType = sourcecode.swift; path = NibViewController.swift; sourceTree = "<group>"; };
		D3FCA1F21E4E568B0003A30D /* CardView.swift */ = {isa = PBXFileReference; fileEncoding = 4; lastKnownFileType = sourcecode.swift; path = CardView.swift; sourceTree = "<group>"; };
		D3FCA1F41E4E56B00003A30D /* CardView.xib */ = {isa = PBXFileReference; fileEncoding = 4; lastKnownFileType = file.xib; path = CardView.xib; sourceTree = "<group>"; };
/* End PBXFileReference section */

/* Begin PBXFrameworksBuildPhase section */
		D3FCA1BF1E4E53C60003A30D /* Frameworks */ = {
			isa = PBXFrameworksBuildPhase;
			buildActionMask = 2147483647;
			files = (
			);
			runOnlyForDeploymentPostprocessing = 0;
		};
		D3FCA1CF1E4E544C0003A30D /* Frameworks */ = {
			isa = PBXFrameworksBuildPhase;
			buildActionMask = 2147483647;
			files = (
				D3FCA1E41E4E545A0003A30D /* NibView.framework in Frameworks */,
			);
			runOnlyForDeploymentPostprocessing = 0;
		};
/* End PBXFrameworksBuildPhase section */

/* Begin PBXGroup section */
		D3FCA1B91E4E53C60003A30D = {
			isa = PBXGroup;
			children = (
				D3FCA1C51E4E53C60003A30D /* NibView */,
				D3FCA1D31E4E544C0003A30D /* NibViewExample */,
				D3FCA1C41E4E53C60003A30D /* Products */,
			);
			sourceTree = "<group>";
		};
		D3FCA1C41E4E53C60003A30D /* Products */ = {
			isa = PBXGroup;
			children = (
				D3FCA1C31E4E53C60003A30D /* NibView.framework */,
				D3FCA1D21E4E544C0003A30D /* NibViewExample.app */,
			);
			name = Products;
			sourceTree = "<group>";
		};
		D3FCA1C51E4E53C60003A30D /* NibView */ = {
			isa = PBXGroup;
			children = (
				D3FCA1E91E4E54700003A30D /* Sources */,
				D3FCA1C61E4E53C60003A30D /* NibView.h */,
				D3FCA1C71E4E53C60003A30D /* Info.plist */,
			);
			path = NibView;
			sourceTree = "<group>";
		};
		D3FCA1D31E4E544C0003A30D /* NibViewExample */ = {
			isa = PBXGroup;
			children = (
				D3FCA1D41E4E544C0003A30D /* AppDelegate.swift */,
				D3FCA1F11E4E56620003A30D /* CardsList */,
				D3FCA1F01E4E56620003A30D /* CardDetails */,
				D3FCA1D81E4E544C0003A30D /* Main.storyboard */,
				D3FCA1DD1E4E544C0003A30D /* LaunchScreen.storyboard */,
				D39D11211E4F2F52008F7DF4 /* images.xcassets */,
				D3FCA1E01E4E544C0003A30D /* Info.plist */,
			);
			path = NibViewExample;
			sourceTree = "<group>";
		};
		D3FCA1E91E4E54700003A30D /* Sources */ = {
			isa = PBXGroup;
			children = (
				D3FCA1EA1E4E54700003A30D /* NibLoadable.swift */,
				D3F882C11E4F86CE005C19FF /* NibLoader.swift */,
				D3FCA1EB1E4E54700003A30D /* NibView.swift */,
				D3FCA1EC1E4E54700003A30D /* NibViewController.swift */,
			);
			name = Sources;
			path = ../../Sources;
			sourceTree = "<group>";
		};
		D3FCA1F01E4E56620003A30D /* CardDetails */ = {
			isa = PBXGroup;
			children = (
				D396D4BE1E4F46A800C5E25E /* CardDetailsView.swift */,
				D396D4C01E4F472C00C5E25E /* CardDetailsView.xib */,
				D396D4BC1E4F45B100C5E25E /* CardDetailsViewController.swift */,
			);
			path = CardDetails;
			sourceTree = "<group>";
		};
		D3FCA1F11E4E56620003A30D /* CardsList */ = {
			isa = PBXGroup;
			children = (
				D3FCA1F21E4E568B0003A30D /* CardView.swift */,
				D3FCA1F41E4E56B00003A30D /* CardView.xib */,
				D3D711931E4E5A4500F33BE8 /* CardsListViewController.swift */,
			);
			path = CardsList;
			sourceTree = "<group>";
		};
/* End PBXGroup section */

/* Begin PBXHeadersBuildPhase section */
		D3FCA1C01E4E53C60003A30D /* Headers */ = {
			isa = PBXHeadersBuildPhase;
			buildActionMask = 2147483647;
			files = (
				D3FCA1C81E4E53C60003A30D /* NibView.h in Headers */,
			);
			runOnlyForDeploymentPostprocessing = 0;
		};
/* End PBXHeadersBuildPhase section */

/* Begin PBXNativeTarget section */
		D3FCA1C21E4E53C60003A30D /* NibView */ = {
			isa = PBXNativeTarget;
			buildConfigurationList = D3FCA1CB1E4E53C60003A30D /* Build configuration list for PBXNativeTarget "NibView" */;
			buildPhases = (
				D3FCA1BE1E4E53C60003A30D /* Sources */,
				D3FCA1BF1E4E53C60003A30D /* Frameworks */,
				D3FCA1C01E4E53C60003A30D /* Headers */,
				D3FCA1C11E4E53C60003A30D /* Resources */,
			);
			buildRules = (
			);
			dependencies = (
			);
			name = NibView;
			productName = NibView;
			productReference = D3FCA1C31E4E53C60003A30D /* NibView.framework */;
			productType = "com.apple.product-type.framework";
		};
		D3FCA1D11E4E544C0003A30D /* NibViewExample */ = {
			isa = PBXNativeTarget;
			buildConfigurationList = D3FCA1E31E4E544C0003A30D /* Build configuration list for PBXNativeTarget "NibViewExample" */;
			buildPhases = (
				D3FCA1CE1E4E544C0003A30D /* Sources */,
				D3FCA1CF1E4E544C0003A30D /* Frameworks */,
				D3FCA1D01E4E544C0003A30D /* Resources */,
				D3FCA1E81E4E545A0003A30D /* Embed Frameworks */,
			);
			buildRules = (
			);
			dependencies = (
				D3FCA1E71E4E545A0003A30D /* PBXTargetDependency */,
			);
			name = NibViewExample;
			productName = NibViewExample;
			productReference = D3FCA1D21E4E544C0003A30D /* NibViewExample.app */;
			productType = "com.apple.product-type.application";
		};
/* End PBXNativeTarget section */

/* Begin PBXProject section */
		D3FCA1BA1E4E53C60003A30D /* Project object */ = {
			isa = PBXProject;
			attributes = {
				LastSwiftUpdateCheck = 0820;
				LastUpgradeCheck = 0820;
				ORGANIZATIONNAME = Trafi;
				TargetAttributes = {
					D3FCA1C21E4E53C60003A30D = {
						CreatedOnToolsVersion = 8.2.1;
						DevelopmentTeam = MZZWC68X3W;
						ProvisioningStyle = Automatic;
					};
					D3FCA1D11E4E544C0003A30D = {
						CreatedOnToolsVersion = 8.2.1;
						DevelopmentTeam = MZZWC68X3W;
						ProvisioningStyle = Automatic;
					};
				};
			};
			buildConfigurationList = D3FCA1BD1E4E53C60003A30D /* Build configuration list for PBXProject "NibView" */;
			compatibilityVersion = "Xcode 3.2";
			developmentRegion = English;
			hasScannedForEncodings = 0;
			knownRegions = (
				en,
				Base,
			);
			mainGroup = D3FCA1B91E4E53C60003A30D;
			productRefGroup = D3FCA1C41E4E53C60003A30D /* Products */;
			projectDirPath = "";
			projectRoot = "";
			targets = (
				D3FCA1C21E4E53C60003A30D /* NibView */,
				D3FCA1D11E4E544C0003A30D /* NibViewExample */,
			);
		};
/* End PBXProject section */

/* Begin PBXResourcesBuildPhase section */
		D3FCA1C11E4E53C60003A30D /* Resources */ = {
			isa = PBXResourcesBuildPhase;
			buildActionMask = 2147483647;
			files = (
			);
			runOnlyForDeploymentPostprocessing = 0;
		};
		D3FCA1D01E4E544C0003A30D /* Resources */ = {
			isa = PBXResourcesBuildPhase;
			buildActionMask = 2147483647;
			files = (
				D3FCA1DF1E4E544C0003A30D /* LaunchScreen.storyboard in Resources */,
				D39D11221E4F2F52008F7DF4 /* images.xcassets in Resources */,
				D3FCA1DA1E4E544C0003A30D /* Main.storyboard in Resources */,
				D396D4C11E4F472C00C5E25E /* CardDetailsView.xib in Resources */,
				D3FCA1F51E4E56B00003A30D /* CardView.xib in Resources */,
			);
			runOnlyForDeploymentPostprocessing = 0;
		};
/* End PBXResourcesBuildPhase section */

/* Begin PBXSourcesBuildPhase section */
		D3FCA1BE1E4E53C60003A30D /* Sources */ = {
			isa = PBXSourcesBuildPhase;
			buildActionMask = 2147483647;
			files = (
				D3FCA1EF1E4E54700003A30D /* NibViewController.swift in Sources */,
				D3F882C21E4F86CE005C19FF /* NibLoader.swift in Sources */,
				D3FCA1ED1E4E54700003A30D /* NibLoadable.swift in Sources */,
			);
			runOnlyForDeploymentPostprocessing = 0;
		};
		D3FCA1CE1E4E544C0003A30D /* Sources */ = {
			isa = PBXSourcesBuildPhase;
			buildActionMask = 2147483647;
			files = (
				D3D711941E4E5A4500F33BE8 /* CardsListViewController.swift in Sources */,
				D396D4BD1E4F45B100C5E25E /* CardDetailsViewController.swift in Sources */,
				D3254B091E54C4820039D644 /* NibView.swift in Sources */,
				D396D4BF1E4F46A800C5E25E /* CardDetailsView.swift in Sources */,
				D3FCA1F31E4E568B0003A30D /* CardView.swift in Sources */,
				D3FCA1D51E4E544C0003A30D /* AppDelegate.swift in Sources */,
			);
			runOnlyForDeploymentPostprocessing = 0;
		};
/* End PBXSourcesBuildPhase section */

/* Begin PBXTargetDependency section */
		D3FCA1E71E4E545A0003A30D /* PBXTargetDependency */ = {
			isa = PBXTargetDependency;
			target = D3FCA1C21E4E53C60003A30D /* NibView */;
			targetProxy = D3FCA1E61E4E545A0003A30D /* PBXContainerItemProxy */;
		};
/* End PBXTargetDependency section */

/* Begin PBXVariantGroup section */
		D3FCA1D81E4E544C0003A30D /* Main.storyboard */ = {
			isa = PBXVariantGroup;
			children = (
				D3FCA1D91E4E544C0003A30D /* Base */,
			);
			name = Main.storyboard;
			sourceTree = "<group>";
		};
		D3FCA1DD1E4E544C0003A30D /* LaunchScreen.storyboard */ = {
			isa = PBXVariantGroup;
			children = (
				D3FCA1DE1E4E544C0003A30D /* Base */,
			);
			name = LaunchScreen.storyboard;
			sourceTree = "<group>";
		};
/* End PBXVariantGroup section */

/* Begin XCBuildConfiguration section */
		D3FCA1C91E4E53C60003A30D /* Debug */ = {
			isa = XCBuildConfiguration;
			buildSettings = {
				ALWAYS_SEARCH_USER_PATHS = NO;
				CLANG_ANALYZER_NONNULL = YES;
				CLANG_CXX_LANGUAGE_STANDARD = "gnu++0x";
				CLANG_CXX_LIBRARY = "libc++";
				CLANG_ENABLE_MODULES = YES;
				CLANG_ENABLE_OBJC_ARC = YES;
				CLANG_WARN_BOOL_CONVERSION = YES;
				CLANG_WARN_CONSTANT_CONVERSION = YES;
				CLANG_WARN_DIRECT_OBJC_ISA_USAGE = YES_ERROR;
				CLANG_WARN_DOCUMENTATION_COMMENTS = YES;
				CLANG_WARN_EMPTY_BODY = YES;
				CLANG_WARN_ENUM_CONVERSION = YES;
				CLANG_WARN_INFINITE_RECURSION = YES;
				CLANG_WARN_INT_CONVERSION = YES;
				CLANG_WARN_OBJC_ROOT_CLASS = YES_ERROR;
				CLANG_WARN_SUSPICIOUS_MOVE = YES;
				CLANG_WARN_UNREACHABLE_CODE = YES;
				CLANG_WARN__DUPLICATE_METHOD_MATCH = YES;
				"CODE_SIGN_IDENTITY[sdk=iphoneos*]" = "iPhone Developer";
				COPY_PHASE_STRIP = NO;
				CURRENT_PROJECT_VERSION = 1;
				DEBUG_INFORMATION_FORMAT = dwarf;
				ENABLE_STRICT_OBJC_MSGSEND = YES;
				ENABLE_TESTABILITY = YES;
				GCC_C_LANGUAGE_STANDARD = gnu99;
				GCC_DYNAMIC_NO_PIC = NO;
				GCC_NO_COMMON_BLOCKS = YES;
				GCC_OPTIMIZATION_LEVEL = 0;
				GCC_PREPROCESSOR_DEFINITIONS = (
					"DEBUG=1",
					"$(inherited)",
				);
				GCC_WARN_64_TO_32_BIT_CONVERSION = YES;
				GCC_WARN_ABOUT_RETURN_TYPE = YES_ERROR;
				GCC_WARN_UNDECLARED_SELECTOR = YES;
				GCC_WARN_UNINITIALIZED_AUTOS = YES_AGGRESSIVE;
				GCC_WARN_UNUSED_FUNCTION = YES;
				GCC_WARN_UNUSED_VARIABLE = YES;
				IPHONEOS_DEPLOYMENT_TARGET = 9.0;
				MTL_ENABLE_DEBUG_INFO = YES;
				ONLY_ACTIVE_ARCH = YES;
				SDKROOT = iphoneos;
				SWIFT_ACTIVE_COMPILATION_CONDITIONS = DEBUG;
				SWIFT_OPTIMIZATION_LEVEL = "-Onone";
				TARGETED_DEVICE_FAMILY = "1,2";
				VERSIONING_SYSTEM = "apple-generic";
				VERSION_INFO_PREFIX = "";
			};
			name = Debug;
		};
		D3FCA1CA1E4E53C60003A30D /* Release */ = {
			isa = XCBuildConfiguration;
			buildSettings = {
				ALWAYS_SEARCH_USER_PATHS = NO;
				CLANG_ANALYZER_NONNULL = YES;
				CLANG_CXX_LANGUAGE_STANDARD = "gnu++0x";
				CLANG_CXX_LIBRARY = "libc++";
				CLANG_ENABLE_MODULES = YES;
				CLANG_ENABLE_OBJC_ARC = YES;
				CLANG_WARN_BOOL_CONVERSION = YES;
				CLANG_WARN_CONSTANT_CONVERSION = YES;
				CLANG_WARN_DIRECT_OBJC_ISA_USAGE = YES_ERROR;
				CLANG_WARN_DOCUMENTATION_COMMENTS = YES;
				CLANG_WARN_EMPTY_BODY = YES;
				CLANG_WARN_ENUM_CONVERSION = YES;
				CLANG_WARN_INFINITE_RECURSION = YES;
				CLANG_WARN_INT_CONVERSION = YES;
				CLANG_WARN_OBJC_ROOT_CLASS = YES_ERROR;
				CLANG_WARN_SUSPICIOUS_MOVE = YES;
				CLANG_WARN_UNREACHABLE_CODE = YES;
				CLANG_WARN__DUPLICATE_METHOD_MATCH = YES;
				"CODE_SIGN_IDENTITY[sdk=iphoneos*]" = "iPhone Developer";
				COPY_PHASE_STRIP = NO;
				CURRENT_PROJECT_VERSION = 1;
				DEBUG_INFORMATION_FORMAT = "dwarf-with-dsym";
				ENABLE_NS_ASSERTIONS = NO;
				ENABLE_STRICT_OBJC_MSGSEND = YES;
				GCC_C_LANGUAGE_STANDARD = gnu99;
				GCC_NO_COMMON_BLOCKS = YES;
				GCC_WARN_64_TO_32_BIT_CONVERSION = YES;
				GCC_WARN_ABOUT_RETURN_TYPE = YES_ERROR;
				GCC_WARN_UNDECLARED_SELECTOR = YES;
				GCC_WARN_UNINITIALIZED_AUTOS = YES_AGGRESSIVE;
				GCC_WARN_UNUSED_FUNCTION = YES;
				GCC_WARN_UNUSED_VARIABLE = YES;
				IPHONEOS_DEPLOYMENT_TARGET = 9.0;
				MTL_ENABLE_DEBUG_INFO = NO;
				SDKROOT = iphoneos;
				SWIFT_OPTIMIZATION_LEVEL = "-Owholemodule";
				TARGETED_DEVICE_FAMILY = "1,2";
				VALIDATE_PRODUCT = YES;
				VERSIONING_SYSTEM = "apple-generic";
				VERSION_INFO_PREFIX = "";
			};
			name = Release;
		};
		D3FCA1CC1E4E53C60003A30D /* Debug */ = {
			isa = XCBuildConfiguration;
			buildSettings = {
				CODE_SIGN_IDENTITY = "";
				DEFINES_MODULE = YES;
				DEVELOPMENT_TEAM = MZZWC68X3W;
				DYLIB_COMPATIBILITY_VERSION = 1;
				DYLIB_CURRENT_VERSION = 1;
				DYLIB_INSTALL_NAME_BASE = "@rpath";
				INFOPLIST_FILE = NibView/Info.plist;
				INSTALL_PATH = "$(LOCAL_LIBRARY_DIR)/Frameworks";
				LD_RUNPATH_SEARCH_PATHS = "$(inherited) @executable_path/Frameworks @loader_path/Frameworks";
				PRODUCT_BUNDLE_IDENTIFIER = Trafi.NibView;
				PRODUCT_NAME = "$(TARGET_NAME)";
				SKIP_INSTALL = YES;
				SWIFT_VERSION = 3.0;
			};
			name = Debug;
		};
		D3FCA1CD1E4E53C60003A30D /* Release */ = {
			isa = XCBuildConfiguration;
			buildSettings = {
				CODE_SIGN_IDENTITY = "";
				DEFINES_MODULE = YES;
				DEVELOPMENT_TEAM = MZZWC68X3W;
				DYLIB_COMPATIBILITY_VERSION = 1;
				DYLIB_CURRENT_VERSION = 1;
				DYLIB_INSTALL_NAME_BASE = "@rpath";
				INFOPLIST_FILE = NibView/Info.plist;
				INSTALL_PATH = "$(LOCAL_LIBRARY_DIR)/Frameworks";
				LD_RUNPATH_SEARCH_PATHS = "$(inherited) @executable_path/Frameworks @loader_path/Frameworks";
				PRODUCT_BUNDLE_IDENTIFIER = Trafi.NibView;
				PRODUCT_NAME = "$(TARGET_NAME)";
				SKIP_INSTALL = YES;
				SWIFT_VERSION = 3.0;
			};
			name = Release;
		};
		D3FCA1E11E4E544C0003A30D /* Debug */ = {
			isa = XCBuildConfiguration;
			buildSettings = {
				ALWAYS_EMBED_SWIFT_STANDARD_LIBRARIES = YES;
				ASSETCATALOG_COMPILER_APPICON_NAME = AppIcon;
				DEVELOPMENT_TEAM = MZZWC68X3W;
				INFOPLIST_FILE = NibViewExample/Info.plist;
				LD_RUNPATH_SEARCH_PATHS = "$(inherited) @executable_path/Frameworks";
				PRODUCT_BUNDLE_IDENTIFIER = Trafi.NibViewExample;
				PRODUCT_NAME = "$(TARGET_NAME)";
				SWIFT_VERSION = 3.0;
			};
			name = Debug;
		};
		D3FCA1E21E4E544C0003A30D /* Release */ = {
			isa = XCBuildConfiguration;
			buildSettings = {
				ALWAYS_EMBED_SWIFT_STANDARD_LIBRARIES = YES;
				ASSETCATALOG_COMPILER_APPICON_NAME = AppIcon;
				DEVELOPMENT_TEAM = MZZWC68X3W;
				INFOPLIST_FILE = NibViewExample/Info.plist;
				LD_RUNPATH_SEARCH_PATHS = "$(inherited) @executable_path/Frameworks";
				PRODUCT_BUNDLE_IDENTIFIER = Trafi.NibViewExample;
				PRODUCT_NAME = "$(TARGET_NAME)";
				SWIFT_VERSION = 3.0;
			};
			name = Release;
		};
/* End XCBuildConfiguration section */

/* Begin XCConfigurationList section */
		D3FCA1BD1E4E53C60003A30D /* Build configuration list for PBXProject "NibView" */ = {
			isa = XCConfigurationList;
			buildConfigurations = (
				D3FCA1C91E4E53C60003A30D /* Debug */,
				D3FCA1CA1E4E53C60003A30D /* Release */,
			);
			defaultConfigurationIsVisible = 0;
			defaultConfigurationName = Release;
		};
		D3FCA1CB1E4E53C60003A30D /* Build configuration list for PBXNativeTarget "NibView" */ = {
			isa = XCConfigurationList;
			buildConfigurations = (
				D3FCA1CC1E4E53C60003A30D /* Debug */,
				D3FCA1CD1E4E53C60003A30D /* Release */,
			);
			defaultConfigurationIsVisible = 0;
			defaultConfigurationName = Release;
		};
		D3FCA1E31E4E544C0003A30D /* Build configuration list for PBXNativeTarget "NibViewExample" */ = {
			isa = XCConfigurationList;
			buildConfigurations = (
				D3FCA1E11E4E544C0003A30D /* Debug */,
				D3FCA1E21E4E544C0003A30D /* Release */,
			);
			defaultConfigurationIsVisible = 0;
			defaultConfigurationName = Release;
		};
/* End XCConfigurationList section */
	};
	rootObject = D3FCA1BA1E4E53C60003A30D /* Project object */;
}
